
Microsoft Visual Studio Solution File, Format Version 12.00
# Visual Studio Version 16
VisualStudioVersion = 16.0.30114.105
MinimumVisualStudioVersion = 10.0.40219.1
Project("{FAE04EC0-301F-11D3-BF4B-00C04F79EFBC}") = "ten inny program", "ten inny program\ten inny program.csproj", "{AECFA2F2-D1CA-4881-B1B7-51C09665D538}"
EndProject
Global
	GlobalSection(SolutionConfigurationPlatforms) = preSolution
		Debug|Any CPU = Debug|Any CPU
		Release|Any CPU = Release|Any CPU
	EndGlobalSection
	GlobalSection(ProjectConfigurationPlatforms) = postSolution
		{AECFA2F2-D1CA-4881-B1B7-51C09665D538}.Debug|Any CPU.ActiveCfg = Debug|Any CPU
		{AECFA2F2-D1CA-4881-B1B7-51C09665D538}.Debug|Any CPU.Build.0 = Debug|Any CPU
		{AECFA2F2-D1CA-4881-B1B7-51C09665D538}.Release|Any CPU.ActiveCfg = Release|Any CPU
		{AECFA2F2-D1CA-4881-B1B7-51C09665D538}.Release|Any CPU.Build.0 = Release|Any CPU
	EndGlobalSection
	GlobalSection(SolutionProperties) = preSolution
		HideSolutionNode = FALSE
	EndGlobalSection
	GlobalSection(ExtensibilityGlobals) = postSolution
		SolutionGuid = {B006F213-B526-4EDC-B18F-C49B346A1426}
	EndGlobalSection
EndGlobal
